
Microsoft Visual Studio Solution File, Format Version 12.00
# Visual Studio Version 16
VisualStudioVersion = 16.0.34902.97
MinimumVisualStudioVersion = 10.0.40219.1
Project("{FAE04EC0-301F-11D3-BF4B-00C04F79EFBC}") = "testovoeconcolR", "testovoeconcolR\testovoeconcolR.csproj", "{8F4C79C7-2B95-46B1-A9DE-F6351A5455B9}"
EndProject
Global
	GlobalSection(SolutionConfigurationPlatforms) = preSolution
		Debug|Any CPU = Debug|Any CPU
		Release|Any CPU = Release|Any CPU
	EndGlobalSection
	GlobalSection(ProjectConfigurationPlatforms) = postSolution
		{8F4C79C7-2B95-46B1-A9DE-F6351A5455B9}.Debug|Any CPU.ActiveCfg = Debug|Any CPU
		{8F4C79C7-2B95-46B1-A9DE-F6351A5455B9}.Debug|Any CPU.Build.0 = Debug|Any CPU
		{8F4C79C7-2B95-46B1-A9DE-F6351A5455B9}.Release|Any CPU.ActiveCfg = Release|Any CPU
		{8F4C79C7-2B95-46B1-A9DE-F6351A5455B9}.Release|Any CPU.Build.0 = Release|Any CPU
	EndGlobalSection
	GlobalSection(SolutionProperties) = preSolution
		HideSolutionNode = FALSE
	EndGlobalSection
	GlobalSection(ExtensibilityGlobals) = postSolution
		SolutionGuid = {B8D781A5-BDF4-4DD8-985A-9D3236076BF0}
	EndGlobalSection
EndGlobal
